// !$*UTF8*$!
{
	archiveVersion = 1;
	classes = {};
	objectVersion = 56;
	objects = {
		B1 = {isa = PBXBuildFile; fileRef = F1;};
		B2 = {isa = PBXBuildFile; fileRef = F2;};
		B3 = {isa = PBXBuildFile; fileRef = F4;};
		B4 = {isa = PBXBuildFile; fileRef = F5;};
		F1 = {isa = PBXFileReference; lastKnownFileType = sourcecode.swift; path = PianoDinoApp.swift; sourceTree = "<group>";};
		F2 = {isa = PBXFileReference; lastKnownFileType = sourcecode.swift; path = ContentView.swift; sourceTree = "<group>";};
		F3 = {isa = PBXFileReference; lastKnownFileType = text.plist.xml; path = Info.plist; sourceTree = "<group>";};
		F4 = {isa = PBXFileReference; lastKnownFileType = folder.assetcatalog; path = Assets.xcassets; sourceTree = "<group>";};
		F5 = {isa = PBXFileReference; lastKnownFileType = folder; path = WebApp; sourceTree = "<group>";};
		FP = {isa = PBXFileReference; explicitFileType = wrapper.application; includeInIndex = 0; path = PianoDino.app; sourceTree = BUILT_PRODUCTS_DIR;};
		G1 = {isa = PBXGroup; children = (G2, GP); sourceTree = "<group>";};
		G2 = {isa = PBXGroup; children = (F1, F2, F3, F4, F5); path = PianoDino; sourceTree = "<group>";};
		GP = {isa = PBXGroup; children = (FP); name = Products; sourceTree = "<group>";};
		P1 = {isa = PBXProject; attributes = {BuildIndependentTargetsInParallel = 1; LastSwiftUpdateCheck = 2660; LastUpgradeCheck = 2660; TargetAttributes = {T1 = {CreatedOnToolsVersion = 26.6;};};}; buildConfigurationList = CL1; compatibilityVersion = "Xcode 14.0"; developmentRegion = en; knownRegions = (en, Base); mainGroup = G1; productRefGroup = GP; projectDirPath = ""; projectRoot = ""; targets = (T1);};
		T1 = {isa = PBXNativeTarget; buildConfigurationList = CL2; buildPhases = (S1, K1, R1); buildRules = (); dependencies = (); name = PianoDino; productName = PianoDino; productReference = FP; productType = "com.apple.product-type.application";};
		S1 = {isa = PBXSourcesBuildPhase; buildActionMask = 2147483647; files = (B1, B2); runOnlyForDeploymentPostprocessing = 0;};
		K1 = {isa = PBXFrameworksBuildPhase; buildActionMask = 2147483647; files = (); runOnlyForDeploymentPostprocessing = 0;};
		R1 = {isa = PBXResourcesBuildPhase; buildActionMask = 2147483647; files = (B3, B4); runOnlyForDeploymentPostprocessing = 0;};
		CL1 = {isa = XCConfigurationList; buildConfigurations = (C1, C2); defaultConfigurationIsVisible = 0; defaultConfigurationName = Release;};
		CL2 = {isa = XCConfigurationList; buildConfigurations = (C3, C4); defaultConfigurationIsVisible = 0; defaultConfigurationName = Release;};
		C1 = {isa = XCBuildConfiguration; buildSettings = {CLANG_ENABLE_MODULES = YES; IPHONEOS_DEPLOYMENT_TARGET = 16.0; SDKROOT = iphoneos;}; name = Debug;};
		C2 = {isa = XCBuildConfiguration; buildSettings = {CLANG_ENABLE_MODULES = YES; IPHONEOS_DEPLOYMENT_TARGET = 16.0; SDKROOT = iphoneos;}; name = Release;};
		C3 = {isa = XCBuildConfiguration; buildSettings = {ASSETCATALOG_COMPILER_APPICON_NAME = AppIcon; CODE_SIGN_STYLE = Automatic; CURRENT_PROJECT_VERSION = 1; DEVELOPMENT_TEAM = 62VQ244VM5; GENERATE_INFOPLIST_FILE = NO; INFOPLIST_FILE = PianoDino/Info.plist; MARKETING_VERSION = 1.0; PRODUCT_BUNDLE_IDENTIFIER = com.pianodino.app; PRODUCT_NAME = "$(TARGET_NAME)"; SWIFT_EMIT_LOC_STRINGS = YES; SWIFT_VERSION = 5.0; TARGETED_DEVICE_FAMILY = "1,2";}; name = Debug;};
		C4 = {isa = XCBuildConfiguration; buildSettings = {ASSETCATALOG_COMPILER_APPICON_NAME = AppIcon; CODE_SIGN_STYLE = Automatic; CURRENT_PROJECT_VERSION = 1; DEVELOPMENT_TEAM = 62VQ244VM5; GENERATE_INFOPLIST_FILE = NO; INFOPLIST_FILE = PianoDino/Info.plist; MARKETING_VERSION = 1.0; PRODUCT_BUNDLE_IDENTIFIER = com.pianodino.app; PRODUCT_NAME = "$(TARGET_NAME)"; SWIFT_EMIT_LOC_STRINGS = YES; SWIFT_VERSION = 5.0; TARGETED_DEVICE_FAMILY = "1,2";}; name = Release;};
	};
	rootObject = P1;
}
